
Microsoft Visual Studio Solution File, Format Version 12.00
# Visual Studio Version 17
VisualStudioVersion = 17.9.34701.34
MinimumVisualStudioVersion = 10.0.40219.1
Project("{FAE04EC0-301F-11D3-BF4B-00C04F79EFBC}") = "LibraryApp", "LibraryApp.csproj", "{9DFA46CB-E4A5-45B0-99CB-29F952998E22}"
EndProject
Global
	GlobalSection(SolutionConfigurationPlatforms) = preSolution
		Debug|Any CPU = Debug|Any CPU
		Release|Any CPU = Release|Any CPU
	EndGlobalSection
	GlobalSection(ProjectConfigurationPlatforms) = postSolution
		{9DFA46CB-E4A5-45B0-99CB-29F952998E22}.Debug|Any CPU.ActiveCfg = Debug|Any CPU
		{9DFA46CB-E4A5-45B0-99CB-29F952998E22}.Debug|Any CPU.Build.0 = Debug|Any CPU
		{9DFA46CB-E4A5-45B0-99CB-29F952998E22}.Release|Any CPU.ActiveCfg = Release|Any CPU
		{9DFA46CB-E4A5-45B0-99CB-29F952998E22}.Release|Any CPU.Build.0 = Release|Any CPU
	EndGlobalSection
	GlobalSection(SolutionProperties) = preSolution
		HideSolutionNode = FALSE
	EndGlobalSection
	GlobalSection(ExtensibilityGlobals) = postSolution
		SolutionGuid = {8230AFE1-F9D5-4ECB-BC16-698C3A10F5BE}
	EndGlobalSection
EndGlobal
